{
  "name": "react-upload-pictures",
  "version": "0.0.1",
  "lockfileVersion": 1,
  "requires": true,
  "dependencies": {
    "normalize-wheel": {
      "version": "1.0.1",
      "resolved": "https://registry.npmjs.org/normalize-wheel/-/normalize-wheel-1.0.1.tgz",
      "integrity": "sha512-1OnlAPZ3zgrk8B91HyRj+eVv+kS5u+Z0SCsak6Xil/kmgEia50ga7zfkumayonZrImffAxPU/5WcyGhzetHNPA=="
    },
    "react-easy-crop": {
      "version": "4.7.4",
      "resolved": "https://registry.npmjs.org/react-easy-crop/-/react-easy-crop-4.7.4.tgz",
      "integrity": "sha512-oDi1375Jo/zuPUvo3oauxnNbfy8L4wsbmHD1KB2vT55fdgu+q8/K0w/rDWzy9jz4jfQ94Q9+3Yu366sDDFVmiA==",
      "requires": {
        "normalize-wheel": "^1.0.1",
        "tslib": "2.0.1"
      }
    },
    "tslib": {
      "version": "2.0.1",
      "resolved": "https://registry.npmjs.org/tslib/-/tslib-2.0.1.tgz",
      "integrity": "sha512-SgIkNheinmEBgx1IUNirK0TUD4X9yjjBRTqqjggWCU3pUEqIk3/Uwl3yRixYKT6WjQuGiwDv4NomL3wqRCj+CQ=="
    }
  }
}
